# This file is generated by running "yarn install" inside your project.
# Manual changes might be lost - proceed with caution!

__metadata:
  version: 8
  cacheKey: 10c0

"@types/prop-types@npm:*":
  version: 15.7.5
  resolution: "@types/prop-types@npm:15.7.5"
  checksum: 10c0/648aae41423821c61c83823ae36116c8d0f68258f8b609bdbc257752dcd616438d6343d554262aa9a7edaee5a19aca2e028a74fa2d0f40fffaf2816bc7056857
  languageName: node
  linkType: hard

"@types/react@npm:^16.9.46":
  version: 16.14.28
  resolution: "@types/react@npm:16.14.28"
  dependencies:
    "@types/prop-types": "npm:*"
    "@types/scheduler": "npm:*"
    csstype: "npm:^3.0.2"
  checksum: 10c0/9f9c2ab60c7f82fd81264810052c12e7cf8224a77a14afeef89598594b0c9c12531dc1b2f32d7297e56432b67dddbc0338605b66238820db94a4d757047a060a
  languageName: node
  linkType: hard

"@types/scheduler@npm:*":
  version: 0.16.2
  resolution: "@types/scheduler@npm:0.16.2"
  checksum: 10c0/89a3a922f03609b61c270d534226791edeedcb1b06f0225d5543ac17830254624ef9d8a97ad05418e4ce549dd545bddf1ff28cb90658ff10721ad14556ca68a5
  languageName: node
  linkType: hard

"ansi-regex@npm:^4.1.0":
  version: 4.1.1
  resolution: "ansi-regex@npm:4.1.1"
  checksum: 10c0/d36d34234d077e8770169d980fed7b2f3724bfa2a01da150ccd75ef9707c80e883d27cdf7a0eac2f145ac1d10a785a8a855cffd05b85f778629a0db62e7033da
  languageName: node
  linkType: hard

"ansi-styles@npm:^3.2.0, ansi-styles@npm:^3.2.1":
  version: 3.2.1
  resolution: "ansi-styles@npm:3.2.1"
  dependencies:
    color-convert: "npm:^1.9.0"
  checksum: 10c0/ece5a8ef069fcc5298f67e3f4771a663129abd174ea2dfa87923a2be2abf6cd367ef72ac87942da00ce85bd1d651d4cd8595aebdb1b385889b89b205860e977b
  languageName: node
  linkType: hard

"camelcase@npm:^5.0.0":
  version: 5.3.1
  resolution: "camelcase@npm:5.3.1"
  checksum: 10c0/92ff9b443bfe8abb15f2b1513ca182d16126359ad4f955ebc83dc4ddcc4ef3fdd2c078bc223f2673dc223488e75c99b16cc4d056624374b799e6a1555cf61b23
  languageName: node
  linkType: hard

"chalk@npm:^2.4.2":
  version: 2.4.2
  resolution: "chalk@npm:2.4.2"
  dependencies:
    ansi-styles: "npm:^3.2.1"
    escape-string-regexp: "npm:^1.0.5"
    supports-color: "npm:^5.3.0"
  checksum: 10c0/e6543f02ec877732e3a2d1c3c3323ddb4d39fbab687c23f526e25bd4c6a9bf3b83a696e8c769d078e04e5754921648f7821b2a2acfd16c550435fd630026e073
  languageName: node
  linkType: hard

"cliui@npm:^5.0.0":
  version: 5.0.0
  resolution: "cliui@npm:5.0.0"
  dependencies:
    string-width: "npm:^3.1.0"
    strip-ansi: "npm:^5.2.0"
    wrap-ansi: "npm:^5.1.0"
  checksum: 10c0/76142bf306965850a71efd10c9755bd7f447c7c20dd652e1c1ce27d987f862a3facb3cceb2909cef6f0cb363646ee7a1735e3dfdd49f29ed16d733d33e15e2f8
  languageName: node
  linkType: hard

"color-convert@npm:^1.9.0":
  version: 1.9.3
  resolution: "color-convert@npm:1.9.3"
  dependencies:
    color-name: "npm:1.1.3"
  checksum: 10c0/5ad3c534949a8c68fca8fbc6f09068f435f0ad290ab8b2f76841b9e6af7e0bb57b98cb05b0e19fe33f5d91e5a8611ad457e5f69e0a484caad1f7487fd0e8253c
  languageName: node
  linkType: hard

"color-name@npm:1.1.3":
  version: 1.1.3
  resolution: "color-name@npm:1.1.3"
  checksum: 10c0/566a3d42cca25b9b3cd5528cd7754b8e89c0eb646b7f214e8e2eaddb69994ac5f0557d9c175eb5d8f0ad73531140d9c47525085ee752a91a2ab15ab459caf6d6
  languageName: node
  linkType: hard

"concurrently@npm:^5.3.0":
  version: 5.3.0
  resolution: "concurrently@npm:5.3.0"
  dependencies:
    chalk: "npm:^2.4.2"
    date-fns: "npm:^2.0.1"
    lodash: "npm:^4.17.15"
    read-pkg: "npm:^4.0.1"
    rxjs: "npm:^6.5.2"
    spawn-command: "npm:^0.0.2-1"
    supports-color: "npm:^6.1.0"
    tree-kill: "npm:^1.2.2"
    yargs: "npm:^13.3.0"
  bin:
    concurrently: bin/concurrently.js
  checksum: 10c0/6c0dab22bbe751a7099191434f76ac0bcfeb7608de63634849426b52e7bf2de1073573a318088bd1691e0318250c9c7ef049191a36fde7f1f551fb5742f6e451
  languageName: node
  linkType: hard

"csstype@npm:^3.0.2":
  version: 3.1.0
  resolution: "csstype@npm:3.1.0"
  checksum: 10c0/4edcf1eb8b8e83e8b1dc557d9f61e720012e6d2453f4c05fa4221dacf604c4d7552383f0cead9adea4b3f23e3da3aa25cc4fb05823b51fb1cbad43e1d8bb45ff
  languageName: node
  linkType: hard

"date-fns@npm:^2.0.1":
  version: 2.29.1
  resolution: "date-fns@npm:2.29.1"
  checksum: 10c0/9d6eabcfd5b2c8d8179baaa37a3f7248092d3c3ab1f37994270ea3f3aaf88419991e67c4bfcea4816492ddb2b7a31e106ff70e6089ae881f153d5fd2ef80874c
  languageName: node
  linkType: hard

"decamelize@npm:^1.2.0":
  version: 1.2.0
  resolution: "decamelize@npm:1.2.0"
  checksum: 10c0/85c39fe8fbf0482d4a1e224ef0119db5c1897f8503bcef8b826adff7a1b11414972f6fef2d7dec2ee0b4be3863cf64ac1439137ae9e6af23a3d8dcbe26a5b4b2
  languageName: node
  linkType: hard

"emoji-regex@npm:^7.0.1":
  version: 7.0.3
  resolution: "emoji-regex@npm:7.0.3"
  checksum: 10c0/a8917d695c3a3384e4b7230a6a06fd2de6b3db3709116792e8b7b36ddbb3db4deb28ad3e983e70d4f2a1f9063b5dab9025e4e26e9ca08278da4fbb73e213743f
  languageName: node
  linkType: hard

"error-ex@npm:^1.3.1":
  version: 1.3.2
  resolution: "error-ex@npm:1.3.2"
  dependencies:
    is-arrayish: "npm:^0.2.1"
  checksum: 10c0/ba827f89369b4c93382cfca5a264d059dfefdaa56ecc5e338ffa58a6471f5ed93b71a20add1d52290a4873d92381174382658c885ac1a2305f7baca363ce9cce
  languageName: node
  linkType: hard

"escape-string-regexp@npm:^1.0.5":
  version: 1.0.5
  resolution: "escape-string-regexp@npm:1.0.5"
  checksum: 10c0/a968ad453dd0c2724e14a4f20e177aaf32bb384ab41b674a8454afe9a41c5e6fe8903323e0a1052f56289d04bd600f81278edf140b0fcc02f5cac98d0f5b5371
  languageName: node
  linkType: hard

"find-up@npm:^3.0.0":
  version: 3.0.0
  resolution: "find-up@npm:3.0.0"
  dependencies:
    locate-path: "npm:^3.0.0"
  checksum: 10c0/2c2e7d0a26db858e2f624f39038c74739e38306dee42b45f404f770db357947be9d0d587f1cac72d20c114deb38aa57316e879eb0a78b17b46da7dab0a3bd6e3
  languageName: node
  linkType: hard

"function-bind@npm:^1.1.1":
  version: 1.1.1
  resolution: "function-bind@npm:1.1.1"
  checksum: 10c0/60b74b2407e1942e1ed7f8c284f8ef714d0689dcfce5319985a5b7da3fc727f40b4a59ec72dc55aa83365ad7b8fa4fac3a30d93c850a2b452f29ae03dbc10a1e
  languageName: node
  linkType: hard

"get-caller-file@npm:^2.0.1":
  version: 2.0.5
  resolution: "get-caller-file@npm:2.0.5"
  checksum: 10c0/c6c7b60271931fa752aeb92f2b47e355eac1af3a2673f47c9589e8f8a41adc74d45551c1bc57b5e66a80609f10ffb72b6f575e4370d61cc3f7f3aaff01757cde
  languageName: node
  linkType: hard

"has-flag@npm:^3.0.0":
  version: 3.0.0
  resolution: "has-flag@npm:3.0.0"
  checksum: 10c0/1c6c83b14b8b1b3c25b0727b8ba3e3b647f99e9e6e13eb7322107261de07a4c1be56fc0d45678fc376e09772a3a1642ccdaf8fc69bdf123b6c086598397ce473
  languageName: node
  linkType: hard

"has@npm:^1.0.3":
  version: 1.0.3
  resolution: "has@npm:1.0.3"
  dependencies:
    function-bind: "npm:^1.1.1"
  checksum: 10c0/e1da0d2bd109f116b632f27782cf23182b42f14972ca9540e4c5aa7e52647407a0a4a76937334fddcb56befe94a3494825ec22b19b51f5e5507c3153fd1a5e1b
  languageName: node
  linkType: hard

"hosted-git-info@npm:^2.1.4":
  version: 2.8.9
  resolution: "hosted-git-info@npm:2.8.9"
  checksum: 10c0/317cbc6b1bbbe23c2a40ae23f3dafe9fa349ce42a89a36f930e3f9c0530c179a3882d2ef1e4141a4c3674d6faaea862138ec55b43ad6f75e387fda2483a13c70
  languageName: node
  linkType: hard

"is-arrayish@npm:^0.2.1":
  version: 0.2.1
  resolution: "is-arrayish@npm:0.2.1"
  checksum: 10c0/e7fb686a739068bb70f860b39b67afc62acc62e36bb61c5f965768abce1873b379c563e61dd2adad96ebb7edf6651111b385e490cf508378959b0ed4cac4e729
  languageName: node
  linkType: hard

"is-core-module@npm:^2.9.0":
  version: 2.9.0
  resolution: "is-core-module@npm:2.9.0"
  dependencies:
    has: "npm:^1.0.3"
  checksum: 10c0/056fe4c5f9f383dc1c1b0dc3250c300880b9b1e17e1885077d64a1667926ecc11ba696776597616bfd2fd7f87c7476c01b127a0c842b4821bee2414d0e296e6e
  languageName: node
  linkType: hard

"is-fullwidth-code-point@npm:^2.0.0":
  version: 2.0.0
  resolution: "is-fullwidth-code-point@npm:2.0.0"
  checksum: 10c0/e58f3e4a601fc0500d8b2677e26e9fe0cd450980e66adb29d85b6addf7969731e38f8e43ed2ec868a09c101a55ac3d8b78902209269f38c5286bc98f5bc1b4d9
  languageName: node
  linkType: hard

"json-parse-better-errors@npm:^1.0.1":
  version: 1.0.2
  resolution: "json-parse-better-errors@npm:1.0.2"
  checksum: 10c0/2f1287a7c833e397c9ddd361a78638e828fc523038bb3441fd4fc144cfd2c6cd4963ffb9e207e648cf7b692600f1e1e524e965c32df5152120910e4903a47dcb
  languageName: node
  linkType: hard

"lexicon@workspace:.":
  version: 0.0.0-use.local
  resolution: "lexicon@workspace:."
  dependencies:
    "@types/react": "npm:^16.9.46"
    concurrently: "npm:^5.3.0"
  languageName: unknown
  linkType: soft

"locate-path@npm:^3.0.0":
  version: 3.0.0
  resolution: "locate-path@npm:3.0.0"
  dependencies:
    p-locate: "npm:^3.0.0"
    path-exists: "npm:^3.0.0"
  checksum: 10c0/3db394b7829a7fe2f4fbdd25d3c4689b85f003c318c5da4052c7e56eed697da8f1bce5294f685c69ff76e32cba7a33629d94396976f6d05fb7f4c755c5e2ae8b
  languageName: node
  linkType: hard

"lodash@npm:^4.17.15":
  version: 4.17.21
  resolution: "lodash@npm:4.17.21"
  checksum: 10c0/d8cbea072bb08655bb4c989da418994b073a608dffa608b09ac04b43a791b12aeae7cd7ad919aa4c925f33b48490b5cfe6c1f71d827956071dae2e7bb3a6b74c
  languageName: node
  linkType: hard

"normalize-package-data@npm:^2.3.2":
  version: 2.5.0
  resolution: "normalize-package-data@npm:2.5.0"
  dependencies:
    hosted-git-info: "npm:^2.1.4"
    resolve: "npm:^1.10.0"
    semver: "npm:2 || 3 || 4 || 5"
    validate-npm-package-license: "npm:^3.0.1"
  checksum: 10c0/357cb1646deb42f8eb4c7d42c4edf0eec312f3628c2ef98501963cc4bbe7277021b2b1d977f982b2edce78f5a1014613ce9cf38085c3df2d76730481357ca504
  languageName: node
  linkType: hard

"p-limit@npm:^2.0.0":
  version: 2.3.0
  resolution: "p-limit@npm:2.3.0"
  dependencies:
    p-try: "npm:^2.0.0"
  checksum: 10c0/8da01ac53efe6a627080fafc127c873da40c18d87b3f5d5492d465bb85ec7207e153948df6b9cbaeb130be70152f874229b8242ee2be84c0794082510af97f12
  languageName: node
  linkType: hard

"p-locate@npm:^3.0.0":
  version: 3.0.0
  resolution: "p-locate@npm:3.0.0"
  dependencies:
    p-limit: "npm:^2.0.0"
  checksum: 10c0/7b7f06f718f19e989ce6280ed4396fb3c34dabdee0df948376483032f9d5ec22fdf7077ec942143a75827bb85b11da72016497fc10dac1106c837ed593969ee8
  languageName: node
  linkType: hard

"p-try@npm:^2.0.0":
  version: 2.2.0
  resolution: "p-try@npm:2.2.0"
  checksum: 10c0/c36c19907734c904b16994e6535b02c36c2224d433e01a2f1ab777237f4d86e6289fd5fd464850491e940379d4606ed850c03e0f9ab600b0ebddb511312e177f
  languageName: node
  linkType: hard

"parse-json@npm:^4.0.0":
  version: 4.0.0
  resolution: "parse-json@npm:4.0.0"
  dependencies:
    error-ex: "npm:^1.3.1"
    json-parse-better-errors: "npm:^1.0.1"
  checksum: 10c0/8d80790b772ccb1bcea4e09e2697555e519d83d04a77c2b4237389b813f82898943a93ffff7d0d2406203bdd0c30dcf95b1661e3a53f83d0e417f053957bef32
  languageName: node
  linkType: hard

"path-exists@npm:^3.0.0":
  version: 3.0.0
  resolution: "path-exists@npm:3.0.0"
  checksum: 10c0/17d6a5664bc0a11d48e2b2127d28a0e58822c6740bde30403f08013da599182289c56518bec89407e3f31d3c2b6b296a4220bc3f867f0911fee6952208b04167
  languageName: node
  linkType: hard

"path-parse@npm:^1.0.7":
  version: 1.0.7
  resolution: "path-parse@npm:1.0.7"
  checksum: 10c0/11ce261f9d294cc7a58d6a574b7f1b935842355ec66fba3c3fd79e0f036462eaf07d0aa95bb74ff432f9afef97ce1926c720988c6a7451d8a584930ae7de86e1
  languageName: node
  linkType: hard

"pify@npm:^3.0.0":
  version: 3.0.0
  resolution: "pify@npm:3.0.0"
  checksum: 10c0/fead19ed9d801f1b1fcd0638a1ac53eabbb0945bf615f2f8806a8b646565a04a1b0e7ef115c951d225f042cca388fdc1cd3add46d10d1ed6951c20bd2998af10
  languageName: node
  linkType: hard

"read-pkg@npm:^4.0.1":
  version: 4.0.1
  resolution: "read-pkg@npm:4.0.1"
  dependencies:
    normalize-package-data: "npm:^2.3.2"
    parse-json: "npm:^4.0.0"
    pify: "npm:^3.0.0"
  checksum: 10c0/70c934969aba7267a229871345fe1714e1416085c3db9cba8f7fcd78fba3bd38cef7f08a9d661880e552a5722baf8feaf792875b3108d251a5b6dd94369c752d
  languageName: node
  linkType: hard

"require-directory@npm:^2.1.1":
  version: 2.1.1
  resolution: "require-directory@npm:2.1.1"
  checksum: 10c0/83aa76a7bc1531f68d92c75a2ca2f54f1b01463cb566cf3fbc787d0de8be30c9dbc211d1d46be3497dac5785fe296f2dd11d531945ac29730643357978966e99
  languageName: node
  linkType: hard

"require-main-filename@npm:^2.0.0":
  version: 2.0.0
  resolution: "require-main-filename@npm:2.0.0"
  checksum: 10c0/db91467d9ead311b4111cbd73a4e67fa7820daed2989a32f7023785a2659008c6d119752d9c4ac011ae07e537eb86523adff99804c5fdb39cd3a017f9b401bb6
  languageName: node
  linkType: hard

"resolve@npm:^1.10.0":
  version: 1.22.1
  resolution: "resolve@npm:1.22.1"
  dependencies:
    is-core-module: "npm:^2.9.0"
    path-parse: "npm:^1.0.7"
    supports-preserve-symlinks-flag: "npm:^1.0.0"
  bin:
    resolve: bin/resolve
  checksum: 10c0/6d58b1cb40f3fc80b9e45dd799d84cdc3829a993e4b9fa3b59d331e1dfacd0870e1851f4d0eb549d68c796e0b7087b43d1aec162653ccccff9e18191221a6e7d
  languageName: node
  linkType: hard

"resolve@patch:resolve@npm%3A^1.10.0#optional!builtin<compat/resolve>":
  version: 1.22.1
  resolution: "resolve@patch:resolve@npm%3A1.22.1#optional!builtin<compat/resolve>::version=1.22.1&hash=c3c19d"
  dependencies:
    is-core-module: "npm:^2.9.0"
    path-parse: "npm:^1.0.7"
    supports-preserve-symlinks-flag: "npm:^1.0.0"
  bin:
    resolve: bin/resolve
  checksum: 10c0/0d8ccceba5537769c42aa75e4aa75ae854aac866a11d7e9ffdb1663f0158ee646a0d48fc2818ed5e7fb364d64220a1fb9092a160e11e00cbdd5fbab39a13092c
  languageName: node
  linkType: hard

"rxjs@npm:^6.5.2":
  version: 6.6.7
  resolution: "rxjs@npm:6.6.7"
  dependencies:
    tslib: "npm:^1.9.0"
  checksum: 10c0/e556a13a9aa89395e5c9d825eabcfa325568d9c9990af720f3f29f04a888a3b854f25845c2b55875d875381abcae2d8100af9cacdc57576e7ed6be030a01d2fe
  languageName: node
  linkType: hard

"semver@npm:2 || 3 || 4 || 5":
  version: 5.7.2
  resolution: "semver@npm:5.7.2"
  bin:
    semver: bin/semver
  checksum: 10c0/e4cf10f86f168db772ae95d86ba65b3fd6c5967c94d97c708ccb463b778c2ee53b914cd7167620950fc07faf5a564e6efe903836639e512a1aa15fbc9667fa25
  languageName: node
  linkType: hard

"set-blocking@npm:^2.0.0":
  version: 2.0.0
  resolution: "set-blocking@npm:2.0.0"
  checksum: 10c0/9f8c1b2d800800d0b589de1477c753492de5c1548d4ade52f57f1d1f5e04af5481554d75ce5e5c43d4004b80a3eb714398d6907027dc0534177b7539119f4454
  languageName: node
  linkType: hard

"spawn-command@npm:^0.0.2-1":
  version: 0.0.2-1
  resolution: "spawn-command@npm:0.0.2-1"
  checksum: 10c0/4e1fae2db43a7e7159b7fc4cd813bab56c0a5c0bc04c152749f7ef68170ccbe9014a35f444e19e5c095afec780bc5bca1ac73ec16eb1ab0f9a2f881c180e6b70
  languageName: node
  linkType: hard

"spdx-correct@npm:^3.0.0":
  version: 3.1.1
  resolution: "spdx-correct@npm:3.1.1"
  dependencies:
    spdx-expression-parse: "npm:^3.0.0"
    spdx-license-ids: "npm:^3.0.0"
  checksum: 10c0/25909eecc4024963a8e398399dbdd59ddb925bd7dbecd9c9cf6df0d75c29b68cd30b82123564acc51810eb02cfc4b634a2e16e88aa982433306012e318849249
  languageName: node
  linkType: hard

"spdx-exceptions@npm:^2.1.0":
  version: 2.3.0
  resolution: "spdx-exceptions@npm:2.3.0"
  checksum: 10c0/83089e77d2a91cb6805a5c910a2bedb9e50799da091f532c2ba4150efdef6e53f121523d3e2dc2573a340dc0189e648b03157097f65465b3a0c06da1f18d7e8a
  languageName: node
  linkType: hard

"spdx-expression-parse@npm:^3.0.0":
  version: 3.0.1
  resolution: "spdx-expression-parse@npm:3.0.1"
  dependencies:
    spdx-exceptions: "npm:^2.1.0"
    spdx-license-ids: "npm:^3.0.0"
  checksum: 10c0/6f8a41c87759fa184a58713b86c6a8b028250f158159f1d03ed9d1b6ee4d9eefdc74181c8ddc581a341aa971c3e7b79e30b59c23b05d2436d5de1c30bdef7171
  languageName: node
  linkType: hard

"spdx-license-ids@npm:^3.0.0":
  version: 3.0.11
  resolution: "spdx-license-ids@npm:3.0.11"
  checksum: 10c0/6c53cfdb3417e80fd612341319f1296507f797e0387e144047f547c378d9d38d6032ec342de42ef7883256f6690b2fca9889979d0dd015a61dc49b323f9b379b
  languageName: node
  linkType: hard

"string-width@npm:^3.0.0, string-width@npm:^3.1.0":
  version: 3.1.0
  resolution: "string-width@npm:3.1.0"
  dependencies:
    emoji-regex: "npm:^7.0.1"
    is-fullwidth-code-point: "npm:^2.0.0"
    strip-ansi: "npm:^5.1.0"
  checksum: 10c0/85fa0d4f106e7999bb68c1c640c76fa69fb8c069dab75b009e29c123914e2d3b532e6cfa4b9d1bd913176fc83dedd7a2d7bf40d21a81a8a1978432cedfb65b91
  languageName: node
  linkType: hard

"strip-ansi@npm:^5.0.0, strip-ansi@npm:^5.1.0, strip-ansi@npm:^5.2.0":
  version: 5.2.0
  resolution: "strip-ansi@npm:5.2.0"
  dependencies:
    ansi-regex: "npm:^4.1.0"
  checksum: 10c0/de4658c8a097ce3b15955bc6008f67c0790f85748bdc025b7bc8c52c7aee94bc4f9e50624516150ed173c3db72d851826cd57e7a85fe4e4bb6dbbebd5d297fdf
  languageName: node
  linkType: hard

"supports-color@npm:^5.3.0":
  version: 5.5.0
  resolution: "supports-color@npm:5.5.0"
  dependencies:
    has-flag: "npm:^3.0.0"
  checksum: 10c0/6ae5ff319bfbb021f8a86da8ea1f8db52fac8bd4d499492e30ec17095b58af11f0c55f8577390a749b1c4dde691b6a0315dab78f5f54c9b3d83f8fb5905c1c05
  languageName: node
  linkType: hard

"supports-color@npm:^6.1.0":
  version: 6.1.0
  resolution: "supports-color@npm:6.1.0"
  dependencies:
    has-flag: "npm:^3.0.0"
  checksum: 10c0/ebf2befe41b55932c6d77192b91775f1403c389440ce2dab6f72663cf32ee87a1d9dea3512131a18e45ccac91424a8873b266142828489d0206d65ee93d224b6
  languageName: node
  linkType: hard

"supports-preserve-symlinks-flag@npm:^1.0.0":
  version: 1.0.0
  resolution: "supports-preserve-symlinks-flag@npm:1.0.0"
  checksum: 10c0/6c4032340701a9950865f7ae8ef38578d8d7053f5e10518076e6554a9381fa91bd9c6850193695c141f32b21f979c985db07265a758867bac95de05f7d8aeb39
  languageName: node
  linkType: hard

"tree-kill@npm:^1.2.2":
  version: 1.2.2
  resolution: "tree-kill@npm:1.2.2"
  bin:
    tree-kill: cli.js
  checksum: 10c0/7b1b7c7f17608a8f8d20a162e7957ac1ef6cd1636db1aba92f4e072dc31818c2ff0efac1e3d91064ede67ed5dc57c565420531a8134090a12ac10cf792ab14d2
  languageName: node
  linkType: hard

"tslib@npm:^1.9.0":
  version: 1.14.1
  resolution: "tslib@npm:1.14.1"
  checksum: 10c0/69ae09c49eea644bc5ebe1bca4fa4cc2c82b7b3e02f43b84bd891504edf66dbc6b2ec0eef31a957042de2269139e4acff911e6d186a258fb14069cd7f6febce2
  languageName: node
  linkType: hard

"validate-npm-package-license@npm:^3.0.1":
  version: 3.0.4
  resolution: "validate-npm-package-license@npm:3.0.4"
  dependencies:
    spdx-correct: "npm:^3.0.0"
    spdx-expression-parse: "npm:^3.0.0"
  checksum: 10c0/7b91e455a8de9a0beaa9fe961e536b677da7f48c9a493edf4d4d4a87fd80a7a10267d438723364e432c2fcd00b5650b5378275cded362383ef570276e6312f4f
  languageName: node
  linkType: hard

"which-module@npm:^2.0.0":
  version: 2.0.0
  resolution: "which-module@npm:2.0.0"
  checksum: 10c0/946ffdbcd6f0cf517638f8f2319c6d51e528c3b41bc2c0f5dc3dc46047347abd7326aea5cdf5def0a8b32bdca313ac87a32ce5a76b943fe1ca876c4557e6b716
  languageName: node
  linkType: hard

"wrap-ansi@npm:^5.1.0":
  version: 5.1.0
  resolution: "wrap-ansi@npm:5.1.0"
  dependencies:
    ansi-styles: "npm:^3.2.0"
    string-width: "npm:^3.0.0"
    strip-ansi: "npm:^5.0.0"
  checksum: 10c0/fcd0b39b7453df512f2fe8c714a1c1b147fe3e6a4b5a2e4de6cadc3af47212f335eceaffe588e98322d6345e72672137e2c0b834d8a662e73a32296c1c8216bb
  languageName: node
  linkType: hard

"y18n@npm:^4.0.0":
  version: 4.0.3
  resolution: "y18n@npm:4.0.3"
  checksum: 10c0/308a2efd7cc296ab2c0f3b9284fd4827be01cfeb647b3ba18230e3a416eb1bc887ac050de9f8c4fd9e7856b2e8246e05d190b53c96c5ad8d8cb56dffb6f81024
  languageName: node
  linkType: hard

"yargs-parser@npm:^13.1.2":
  version: 13.1.2
  resolution: "yargs-parser@npm:13.1.2"
  dependencies:
    camelcase: "npm:^5.0.0"
    decamelize: "npm:^1.2.0"
  checksum: 10c0/aeded49d2285c5e284e48b7c69eab4a6cf1c94decfdba073125cc4054ff49da7128a3c7c840edb6b497a075e455be304e89ba4b9228be35f1ed22f4a7bba62cc
  languageName: node
  linkType: hard

"yargs@npm:^13.3.0":
  version: 13.3.2
  resolution: "yargs@npm:13.3.2"
  dependencies:
    cliui: "npm:^5.0.0"
    find-up: "npm:^3.0.0"
    get-caller-file: "npm:^2.0.1"
    require-directory: "npm:^2.1.1"
    require-main-filename: "npm:^2.0.0"
    set-blocking: "npm:^2.0.0"
    string-width: "npm:^3.0.0"
    which-module: "npm:^2.0.0"
    y18n: "npm:^4.0.0"
    yargs-parser: "npm:^13.1.2"
  checksum: 10c0/6612f9f0ffeee07fff4c85f153d10eba4072bf5c11e1acba96153169f9d771409dfb63253dbb0841ace719264b663cd7b18c75c0eba91af7740e76094239d386
  languageName: node
  linkType: hard
